
Microsoft Visual Studio Solution File, Format Version 12.00
# Visual Studio 15
VisualStudioVersion = 15.0.27703.2018
MinimumVisualStudioVersion = 10.0.40219.1
Project("{FAE04EC0-301F-11D3-BF4B-00C04F79EFBC}") = "NSoldat.Lib", "NSoldat.Lib\NSoldat.Lib.csproj", "{40BA1F36-A7AB-4E3E-A948-B5E3D6268C73}"
EndProject
Project("{FAE04EC0-301F-11D3-BF4B-00C04F79EFBC}") = "NSoldat.Tests", "NSoldat.Tests\NSoldat.Tests.csproj", "{9ED23632-AC34-43D8-8E99-296D6714FC3C}"
EndProject
Project("{FAE04EC0-301F-11D3-BF4B-00C04F79EFBC}") = "NSoldat.StatsHarvester", "NSoldat.StatsHarvester\NSoldat.StatsHarvester.csproj", "{C4679557-FA29-478B-AC3B-C7D8E290D70F}"
EndProject
Global
	GlobalSection(SolutionConfigurationPlatforms) = preSolution
		Debug|Any CPU = Debug|Any CPU
		Release|Any CPU = Release|Any CPU
	EndGlobalSection
	GlobalSection(ProjectConfigurationPlatforms) = postSolution
		{40BA1F36-A7AB-4E3E-A948-B5E3D6268C73}.Debug|Any CPU.ActiveCfg = Debug|Any CPU
		{40BA1F36-A7AB-4E3E-A948-B5E3D6268C73}.Debug|Any CPU.Build.0 = Debug|Any CPU
		{40BA1F36-A7AB-4E3E-A948-B5E3D6268C73}.Release|Any CPU.ActiveCfg = Release|Any CPU
		{40BA1F36-A7AB-4E3E-A948-B5E3D6268C73}.Release|Any CPU.Build.0 = Release|Any CPU
		{9ED23632-AC34-43D8-8E99-296D6714FC3C}.Debug|Any CPU.ActiveCfg = Debug|Any CPU
		{9ED23632-AC34-43D8-8E99-296D6714FC3C}.Debug|Any CPU.Build.0 = Debug|Any CPU
		{9ED23632-AC34-43D8-8E99-296D6714FC3C}.Release|Any CPU.ActiveCfg = Release|Any CPU
		{9ED23632-AC34-43D8-8E99-296D6714FC3C}.Release|Any CPU.Build.0 = Release|Any CPU
		{C4679557-FA29-478B-AC3B-C7D8E290D70F}.Debug|Any CPU.ActiveCfg = Debug|Any CPU
		{C4679557-FA29-478B-AC3B-C7D8E290D70F}.Debug|Any CPU.Build.0 = Debug|Any CPU
		{C4679557-FA29-478B-AC3B-C7D8E290D70F}.Release|Any CPU.ActiveCfg = Release|Any CPU
		{C4679557-FA29-478B-AC3B-C7D8E290D70F}.Release|Any CPU.Build.0 = Release|Any CPU
	EndGlobalSection
	GlobalSection(SolutionProperties) = preSolution
		HideSolutionNode = FALSE
	EndGlobalSection
	GlobalSection(ExtensibilityGlobals) = postSolution
		SolutionGuid = {69C4B7F8-418D-4FB8-A426-60DB3F2ECBCC}
	EndGlobalSection
EndGlobal
